
Microsoft Visual Studio Solution File, Format Version 12.00
# Visual Studio Version 16
VisualStudioVersion = 25.0.1705.0
MinimumVisualStudioVersion = 10.0.40219.1
Project("{FAE04EC0-301F-11D3-BF4B-00C04F79EFBC}") = "ProjectVishnu", "ProjectVishnu.csproj", "{A74206B7-956E-474A-A454-353BFE6B4C43}"
EndProject
Project("{FAE04EC0-301F-11D3-BF4B-00C04F79EFBC}") = "Tests", "..\Tests\Tests.csproj", "{1287507F-C2EC-4A34-944C-CF35C42EE73E}"
EndProject
Global
	GlobalSection(SolutionConfigurationPlatforms) = preSolution
		Debug|Any CPU = Debug|Any CPU
		Release|Any CPU = Release|Any CPU
	EndGlobalSection
	GlobalSection(ProjectConfigurationPlatforms) = postSolution
		{A74206B7-956E-474A-A454-353BFE6B4C43}.Debug|Any CPU.ActiveCfg = Debug|Any CPU
		{A74206B7-956E-474A-A454-353BFE6B4C43}.Debug|Any CPU.Build.0 = Debug|Any CPU
		{A74206B7-956E-474A-A454-353BFE6B4C43}.Release|Any CPU.ActiveCfg = Release|Any CPU
		{A74206B7-956E-474A-A454-353BFE6B4C43}.Release|Any CPU.Build.0 = Release|Any CPU
		{1287507F-C2EC-4A34-944C-CF35C42EE73E}.Debug|Any CPU.ActiveCfg = Debug|Any CPU
		{1287507F-C2EC-4A34-944C-CF35C42EE73E}.Debug|Any CPU.Build.0 = Debug|Any CPU
		{1287507F-C2EC-4A34-944C-CF35C42EE73E}.Release|Any CPU.ActiveCfg = Release|Any CPU
		{1287507F-C2EC-4A34-944C-CF35C42EE73E}.Release|Any CPU.Build.0 = Release|Any CPU
	EndGlobalSection
	GlobalSection(SolutionProperties) = preSolution
		HideSolutionNode = FALSE
	EndGlobalSection
	GlobalSection(ExtensibilityGlobals) = postSolution
		SolutionGuid = {867379C0-4E14-4F5A-9132-EFB7068EC485}
	EndGlobalSection
EndGlobal
